
Microsoft Visual Studio Solution File, Format Version 12.00
# Visual Studio 14
VisualStudioVersion = 14.0.25123.0
MinimumVisualStudioVersion = 10.0.40219.1
Project("{FAE04EC0-301F-11D3-BF4B-00C04F79EFBC}") = "PracticasLambda", "PracticasLambda\PracticasLambda.csproj", "{E75CFDF1-E68F-4F81-9E41-283514BBD01C}"
EndProject
Project("{FAE04EC0-301F-11D3-BF4B-00C04F79EFBC}") = "WebLambda", "WebLambda\WebLambda.csproj", "{E7CF1AE7-F82F-4CBF-AAC7-E9028A7EF39B}"
EndProject
Project("{FAE04EC0-301F-11D3-BF4B-00C04F79EFBC}") = "ABMDocumentos", "ABMDocumentos\ABMDocumentos.csproj", "{AE989456-8233-450D-9DB2-0A0F69A38C41}"
EndProject
Project("{00D1A9C2-B5F0-4AF3-8072-F6C62B433612}") = "BaseDeDatos", "BaseDeDatos\BaseDeDatos.sqlproj", "{D0EF969E-38EB-4C5F-8412-1ECB1B5E88F6}"
EndProject
Global
	GlobalSection(SolutionConfigurationPlatforms) = preSolution
		Debug|Any CPU = Debug|Any CPU
		Release|Any CPU = Release|Any CPU
	EndGlobalSection
	GlobalSection(ProjectConfigurationPlatforms) = postSolution
		{E75CFDF1-E68F-4F81-9E41-283514BBD01C}.Debug|Any CPU.ActiveCfg = Debug|Any CPU
		{E75CFDF1-E68F-4F81-9E41-283514BBD01C}.Debug|Any CPU.Build.0 = Debug|Any CPU
		{E75CFDF1-E68F-4F81-9E41-283514BBD01C}.Release|Any CPU.ActiveCfg = Release|Any CPU
		{E75CFDF1-E68F-4F81-9E41-283514BBD01C}.Release|Any CPU.Build.0 = Release|Any CPU
		{E7CF1AE7-F82F-4CBF-AAC7-E9028A7EF39B}.Debug|Any CPU.ActiveCfg = Debug|Any CPU
		{E7CF1AE7-F82F-4CBF-AAC7-E9028A7EF39B}.Debug|Any CPU.Build.0 = Debug|Any CPU
		{E7CF1AE7-F82F-4CBF-AAC7-E9028A7EF39B}.Release|Any CPU.ActiveCfg = Release|Any CPU
		{E7CF1AE7-F82F-4CBF-AAC7-E9028A7EF39B}.Release|Any CPU.Build.0 = Release|Any CPU
		{AE989456-8233-450D-9DB2-0A0F69A38C41}.Debug|Any CPU.ActiveCfg = Debug|Any CPU
		{AE989456-8233-450D-9DB2-0A0F69A38C41}.Debug|Any CPU.Build.0 = Debug|Any CPU
		{AE989456-8233-450D-9DB2-0A0F69A38C41}.Release|Any CPU.ActiveCfg = Release|Any CPU
		{AE989456-8233-450D-9DB2-0A0F69A38C41}.Release|Any CPU.Build.0 = Release|Any CPU
		{D0EF969E-38EB-4C5F-8412-1ECB1B5E88F6}.Debug|Any CPU.ActiveCfg = Debug|Any CPU
		{D0EF969E-38EB-4C5F-8412-1ECB1B5E88F6}.Debug|Any CPU.Build.0 = Debug|Any CPU
		{D0EF969E-38EB-4C5F-8412-1ECB1B5E88F6}.Debug|Any CPU.Deploy.0 = Debug|Any CPU
		{D0EF969E-38EB-4C5F-8412-1ECB1B5E88F6}.Release|Any CPU.ActiveCfg = Release|Any CPU
		{D0EF969E-38EB-4C5F-8412-1ECB1B5E88F6}.Release|Any CPU.Build.0 = Release|Any CPU
		{D0EF969E-38EB-4C5F-8412-1ECB1B5E88F6}.Release|Any CPU.Deploy.0 = Release|Any CPU
	EndGlobalSection
	GlobalSection(SolutionProperties) = preSolution
		HideSolutionNode = FALSE
	EndGlobalSection
EndGlobal
